
Microsoft Visual Studio Solution File, Format Version 12.00
# Visual Studio Version 17
VisualStudioVersion = 17.14.37216.2 d17.14
MinimumVisualStudioVersion = 10.0.40219.1
Project("{FAE04EC0-301F-11D3-BF4B-00C04F79EFBC}") = "CAr", "CAr\CAr.csproj", "{57863232-4057-4500-8230-B2838FD0FF91}"
EndProject
Global
	GlobalSection(SolutionConfigurationPlatforms) = preSolution
		Debug|Any CPU = Debug|Any CPU
		Release|Any CPU = Release|Any CPU
	EndGlobalSection
	GlobalSection(ProjectConfigurationPlatforms) = postSolution
		{57863232-4057-4500-8230-B2838FD0FF91}.Debug|Any CPU.ActiveCfg = Debug|Any CPU
		{57863232-4057-4500-8230-B2838FD0FF91}.Debug|Any CPU.Build.0 = Debug|Any CPU
		{57863232-4057-4500-8230-B2838FD0FF91}.Release|Any CPU.ActiveCfg = Release|Any CPU
		{57863232-4057-4500-8230-B2838FD0FF91}.Release|Any CPU.Build.0 = Release|Any CPU
	EndGlobalSection
	GlobalSection(SolutionProperties) = preSolution
		HideSolutionNode = FALSE
	EndGlobalSection
	GlobalSection(ExtensibilityGlobals) = postSolution
		SolutionGuid = {B87569A6-871A-4468-AB2B-CF38C2B1CDE5}
	EndGlobalSection
EndGlobal
